// !$*UTF8*$!
{
	archiveVersion = 1;
	classes = {
	};
	objectVersion = 46;
	objects = {

/* Begin PBXBuildFile section */
		4592A2791B5BB4DD0070351C /* favorites.c in Sources */ = {isa = PBXBuildFile; fileRef = 4592A2601B5BB4DD0070351C /* favorites.c */; };
		4592A27A1B5BB4DD0070351C /* stations.c in Sources */ = {isa = PBXBuildFile; fileRef = 4592A2621B5BB4DD0070351C /* stations.c */; };
		4592A27B1B5BB4DD0070351C /* status.c in Sources */ = {isa = PBXBuildFile; fileRef = 4592A2641B5BB4DD0070351C /* status.c */; };
		4592A27C1B5BB4DD0070351C /* storage.c in Sources */ = {isa = PBXBuildFile; fileRef = 4592A2661B5BB4DD0070351C /* storage.c */; };
		4592A27D1B5BB4DD0070351C /* drawing.c in Sources */ = {isa = PBXBuildFile; fileRef = 4592A26A1B5BB4DD0070351C /* drawing.c */; };
		4592A27E1B5BB4DD0070351C /* status_bar.c in Sources */ = {isa = PBXBuildFile; fileRef = 4592A26C1B5BB4DD0070351C /* status_bar.c */; };
		4592A27F1B5BB4DD0070351C /* localize.c in Sources */ = {isa = PBXBuildFile; fileRef = 4592A2711B5BB4DD0070351C /* localize.c */; };
		4592A2801B5BB4DD0070351C /* main.c in Sources */ = {isa = PBXBuildFile; fileRef = 4592A2731B5BB4DD0070351C /* main.c */; };
		4592A2811B5BB4DD0070351C /* main_menu_window.c in Sources */ = {isa = PBXBuildFile; fileRef = 4592A2751B5BB4DD0070351C /* main_menu_window.c */; };
		4592A2821B5BB4DD0070351C /* next_trains_window.c in Sources */ = {isa = PBXBuildFile; fileRef = 4592A2771B5BB4DD0070351C /* next_trains_window.c */; };
		4592A28B1B5BBAD30070351C /* app_message.c in Sources */ = {isa = PBXBuildFile; fileRef = 4592A2891B5BBAD30070351C /* app_message.c */; };
		45B2B6891B5EE93F0065786D /* data_model.c in Sources */ = {isa = PBXBuildFile; fileRef = 45B2B6871B5EE93F0065786D /* data_model.c */; };
/* End PBXBuildFile section */

/* Begin PBXCopyFilesBuildPhase section */
		45EC75501B4C0FFA00524DDA /* CopyFiles */ = {
			isa = PBXCopyFilesBuildPhase;
			buildActionMask = 2147483647;
			dstPath = /usr/share/man/man1/;
			dstSubfolderSpec = 0;
			files = (
			);
			runOnlyForDeploymentPostprocessing = 1;
		};
/* End PBXCopyFilesBuildPhase section */

/* Begin PBXFileReference section */
		450852001B4FCF61008098D5 /* resources */ = {isa = PBXFileReference; lastKnownFileType = folder; path = resources; sourceTree = "<group>"; };
		4517F3621B4C09DB0078F1A0 /* Aplite */ = {isa = PBXFileReference; explicitFileType = "compiled.mach-o.executable"; includeInIndex = 0; path = Aplite; sourceTree = BUILT_PRODUCTS_DIR; };
		4517F3631B4C09E10078F1A0 /* Device */ = {isa = PBXFileReference; explicitFileType = "compiled.mach-o.executable"; includeInIndex = 0; path = Device; sourceTree = BUILT_PRODUCTS_DIR; };
		4517F3641B4C0A060078F1A0 /* Basalt */ = {isa = PBXFileReference; explicitFileType = "compiled.mach-o.executable"; includeInIndex = 0; path = Basalt; sourceTree = BUILT_PRODUCTS_DIR; };
		454FA5B71B4EFC6C00473A4B /* locale_english.json */ = {isa = PBXFileReference; fileEncoding = 4; lastKnownFileType = text.json; path = locale_english.json; sourceTree = "<group>"; };
		454FA5B81B4EFC6C00473A4B /* locale_french.json */ = {isa = PBXFileReference; fileEncoding = 4; lastKnownFileType = text.json; path = locale_french.json; sourceTree = "<group>"; };
		4592A25E1B5BB4DD0070351C /* constants.h */ = {isa = PBXFileReference; fileEncoding = 4; lastKnownFileType = sourcecode.c.h; path = constants.h; sourceTree = "<group>"; };
		4592A2601B5BB4DD0070351C /* favorites.c */ = {isa = PBXFileReference; fileEncoding = 4; lastKnownFileType = sourcecode.c.c; path = favorites.c; sourceTree = "<group>"; };
		4592A2611B5BB4DD0070351C /* favorites.h */ = {isa = PBXFileReference; fileEncoding = 4; lastKnownFileType = sourcecode.c.h; path = favorites.h; sourceTree = "<group>"; };
		4592A2621B5BB4DD0070351C /* stations.c */ = {isa = PBXFileReference; fileEncoding = 4; lastKnownFileType = sourcecode.c.c; path = stations.c; sourceTree = "<group>"; };
		4592A2631B5BB4DD0070351C /* stations.h */ = {isa = PBXFileReference; fileEncoding = 4; lastKnownFileType = sourcecode.c.h; path = stations.h; sourceTree = "<group>"; };
		4592A2641B5BB4DD0070351C /* status.c */ = {isa = PBXFileReference; fileEncoding = 4; lastKnownFileType = sourcecode.c.c; path = status.c; sourceTree = "<group>"; };
		4592A2651B5BB4DD0070351C /* status.h */ = {isa = PBXFileReference; fileEncoding = 4; lastKnownFileType = sourcecode.c.h; path = status.h; sourceTree = "<group>"; };
		4592A2661B5BB4DD0070351C /* storage.c */ = {isa = PBXFileReference; fileEncoding = 4; lastKnownFileType = sourcecode.c.c; path = storage.c; sourceTree = "<group>"; };
		4592A2671B5BB4DD0070351C /* storage.h */ = {isa = PBXFileReference; fileEncoding = 4; lastKnownFileType = sourcecode.c.h; path = storage.h; sourceTree = "<group>"; };
		4592A2681B5BB4DD0070351C /* headers.h */ = {isa = PBXFileReference; fileEncoding = 4; lastKnownFileType = sourcecode.c.h; path = headers.h; sourceTree = "<group>"; };
		4592A26A1B5BB4DD0070351C /* drawing.c */ = {isa = PBXFileReference; fileEncoding = 4; lastKnownFileType = sourcecode.c.c; path = drawing.c; sourceTree = "<group>"; };
		4592A26B1B5BB4DD0070351C /* drawing.h */ = {isa = PBXFileReference; fileEncoding = 4; lastKnownFileType = sourcecode.c.h; path = drawing.h; sourceTree = "<group>"; };
		4592A26C1B5BB4DD0070351C /* status_bar.c */ = {isa = PBXFileReference; fileEncoding = 4; lastKnownFileType = sourcecode.c.c; path = status_bar.c; sourceTree = "<group>"; };
		4592A26D1B5BB4DD0070351C /* status_bar.h */ = {isa = PBXFileReference; fileEncoding = 4; lastKnownFileType = sourcecode.c.h; path = status_bar.h; sourceTree = "<group>"; };
		4592A2701B5BB4DD0070351C /* hash.h */ = {isa = PBXFileReference; fileEncoding = 4; lastKnownFileType = sourcecode.c.h; path = hash.h; sourceTree = "<group>"; };
		4592A2711B5BB4DD0070351C /* localize.c */ = {isa = PBXFileReference; fileEncoding = 4; lastKnownFileType = sourcecode.c.c; path = localize.c; sourceTree = "<group>"; };
		4592A2721B5BB4DD0070351C /* localize.h */ = {isa = PBXFileReference; fileEncoding = 4; lastKnownFileType = sourcecode.c.h; path = localize.h; sourceTree = "<group>"; };
		4592A2731B5BB4DD0070351C /* main.c */ = {isa = PBXFileReference; fileEncoding = 4; lastKnownFileType = sourcecode.c.c; path = main.c; sourceTree = "<group>"; };
		4592A2751B5BB4DD0070351C /* main_menu_window.c */ = {isa = PBXFileReference; fileEncoding = 4; lastKnownFileType = sourcecode.c.c; path = main_menu_window.c; sourceTree = "<group>"; };
		4592A2761B5BB4DD0070351C /* main_menu_window.h */ = {isa = PBXFileReference; fileEncoding = 4; lastKnownFileType = sourcecode.c.h; path = main_menu_window.h; sourceTree = "<group>"; };
		4592A2771B5BB4DD0070351C /* next_trains_window.c */ = {isa = PBXFileReference; fileEncoding = 4; lastKnownFileType = sourcecode.c.c; path = next_trains_window.c; sourceTree = "<group>"; };
		4592A2781B5BB4DD0070351C /* next_trains_window.h */ = {isa = PBXFileReference; fileEncoding = 4; lastKnownFileType = sourcecode.c.h; path = next_trains_window.h; sourceTree = "<group>"; };
		4592A2861B5BB9CF0070351C /* pebble-js-app.js */ = {isa = PBXFileReference; fileEncoding = 4; lastKnownFileType = sourcecode.javascript; path = "pebble-js-app.js"; sourceTree = "<group>"; };
		4592A2891B5BBAD30070351C /* app_message.c */ = {isa = PBXFileReference; fileEncoding = 4; lastKnownFileType = sourcecode.c.c; path = app_message.c; sourceTree = "<group>"; };
		4592A28A1B5BBAD30070351C /* app_message.h */ = {isa = PBXFileReference; fileEncoding = 4; lastKnownFileType = sourcecode.c.h; path = app_message.h; sourceTree = "<group>"; };
		4599DF591B4BE0E7007C5729 /* appinfo.json */ = {isa = PBXFileReference; lastKnownFileType = text.json; path = appinfo.json; sourceTree = "<group>"; };
		45B2B6871B5EE93F0065786D /* data_model.c */ = {isa = PBXFileReference; fileEncoding = 4; lastKnownFileType = sourcecode.c.c; path = data_model.c; sourceTree = "<group>"; };
		45B2B6881B5EE93F0065786D /* data_model.h */ = {isa = PBXFileReference; fileEncoding = 4; lastKnownFileType = sourcecode.c.h; path = data_model.h; sourceTree = "<group>"; };
		45EC75521B4C0FFA00524DDA /* HiddenTarget */ = {isa = PBXFileReference; explicitFileType = "compiled.mach-o.executable"; includeInIndex = 0; path = HiddenTarget; sourceTree = BUILT_PRODUCTS_DIR; };
/* End PBXFileReference section */

/* Begin PBXFrameworksBuildPhase section */
		45EC754F1B4C0FFA00524DDA /* Frameworks */ = {
			isa = PBXFrameworksBuildPhase;
			buildActionMask = 2147483647;
			files = (
			);
			runOnlyForDeploymentPostprocessing = 0;
		};
/* End PBXFrameworksBuildPhase section */

/* Begin PBXGroup section */
		450852021B4FCF92008098D5 /* src */ = {
			isa = PBXGroup;
			children = (
				4592A25E1B5BB4DD0070351C /* constants.h */,
				4592A2681B5BB4DD0070351C /* headers.h */,
				4592A2731B5BB4DD0070351C /* main.c */,
				4592A25F1B5BB4DD0070351C /* data */,
				4592A2691B5BB4DD0070351C /* interface */,
				4592A2881B5BBAD30070351C /* message */,
				4592A26E1B5BB4DD0070351C /* js */,
				4592A26F1B5BB4DD0070351C /* locale_framework */,
				4592A2741B5BB4DD0070351C /* windows */,
			);
			path = src;
			sourceTree = "<group>";
		};
		454B0ADB1B4BD21F00417493 = {
			isa = PBXGroup;
			children = (
				4599DF591B4BE0E7007C5729 /* appinfo.json */,
				454FA5B41B4EFC6C00473A4B /* locale_framework */,
				450852001B4FCF61008098D5 /* resources */,
				450852021B4FCF92008098D5 /* src */,
				45EC755D1B4C10C200524DDA /* Products */,
			);
			sourceTree = "<group>";
		};
		454FA5B41B4EFC6C00473A4B /* locale_framework */ = {
			isa = PBXGroup;
			children = (
				454FA5B71B4EFC6C00473A4B /* locale_english.json */,
				454FA5B81B4EFC6C00473A4B /* locale_french.json */,
			);
			path = locale_framework;
			sourceTree = "<group>";
		};
		4592A25F1B5BB4DD0070351C /* data */ = {
			isa = PBXGroup;
			children = (
				45B2B6871B5EE93F0065786D /* data_model.c */,
				45B2B6881B5EE93F0065786D /* data_model.h */,
				4592A2601B5BB4DD0070351C /* favorites.c */,
				4592A2611B5BB4DD0070351C /* favorites.h */,
				4592A2621B5BB4DD0070351C /* stations.c */,
				4592A2631B5BB4DD0070351C /* stations.h */,
				4592A2641B5BB4DD0070351C /* status.c */,
				4592A2651B5BB4DD0070351C /* status.h */,
				4592A2661B5BB4DD0070351C /* storage.c */,
				4592A2671B5BB4DD0070351C /* storage.h */,
			);
			path = data;
			sourceTree = "<group>";
		};
		4592A2691B5BB4DD0070351C /* interface */ = {
			isa = PBXGroup;
			children = (
				4592A26A1B5BB4DD0070351C /* drawing.c */,
				4592A26B1B5BB4DD0070351C /* drawing.h */,
				4592A26C1B5BB4DD0070351C /* status_bar.c */,
				4592A26D1B5BB4DD0070351C /* status_bar.h */,
			);
			path = interface;
			sourceTree = "<group>";
		};
		4592A26E1B5BB4DD0070351C /* js */ = {
			isa = PBXGroup;
			children = (
				4592A2861B5BB9CF0070351C /* pebble-js-app.js */,
			);
			path = js;
			sourceTree = "<group>";
		};
		4592A26F1B5BB4DD0070351C /* locale_framework */ = {
			isa = PBXGroup;
			children = (
				4592A2701B5BB4DD0070351C /* hash.h */,
				4592A2711B5BB4DD0070351C /* localize.c */,
				4592A2721B5BB4DD0070351C /* localize.h */,
			);
			path = locale_framework;
			sourceTree = "<group>";
		};
		4592A2741B5BB4DD0070351C /* windows */ = {
			isa = PBXGroup;
			children = (
				4592A2751B5BB4DD0070351C /* main_menu_window.c */,
				4592A2761B5BB4DD0070351C /* main_menu_window.h */,
				4592A2771B5BB4DD0070351C /* next_trains_window.c */,
				4592A2781B5BB4DD0070351C /* next_trains_window.h */,
			);
			path = windows;
			sourceTree = "<group>";
		};
		4592A2881B5BBAD30070351C /* message */ = {
			isa = PBXGroup;
			children = (
				4592A2891B5BBAD30070351C /* app_message.c */,
				4592A28A1B5BBAD30070351C /* app_message.h */,
			);
			path = message;
			sourceTree = "<group>";
		};
		45EC755D1B4C10C200524DDA /* Products */ = {
			isa = PBXGroup;
			children = (
				4517F3621B4C09DB0078F1A0 /* Aplite */,
				4517F3631B4C09E10078F1A0 /* Device */,
				4517F3641B4C0A060078F1A0 /* Basalt */,
				45EC75521B4C0FFA00524DDA /* HiddenTarget */,
			);
			name = Products;
			sourceTree = "<group>";
		};
/* End PBXGroup section */

/* Begin PBXNativeTarget section */
		4517F3351B4C04DD0078F1A0 /* Aplite */ = {
			isa = PBXNativeTarget;
			buildConfigurationList = 4517F33C1B4C04DD0078F1A0 /* Build configuration list for PBXNativeTarget "Aplite" */;
			buildPhases = (
				4517F3361B4C04DD0078F1A0 /* ShellScript */,
			);
			buildRules = (
			);
			dependencies = (
			);
			name = Aplite;
			productName = App;
			productReference = 4517F3621B4C09DB0078F1A0 /* Aplite */;
			productType = "com.apple.product-type.tool";
		};
		4517F3401B4C04F90078F1A0 /* Device */ = {
			isa = PBXNativeTarget;
			buildConfigurationList = 4517F3471B4C04F90078F1A0 /* Build configuration list for PBXNativeTarget "Device" */;
			buildPhases = (
				4517F3411B4C04F90078F1A0 /* ShellScript */,
			);
			buildRules = (
			);
			dependencies = (
			);
			name = Device;
			productName = App;
			productReference = 4517F3631B4C09E10078F1A0 /* Device */;
			productType = "com.apple.product-type.tool";
		};
		4563F1D11B4BFC0B004709EA /* Basalt */ = {
			isa = PBXNativeTarget;
			buildConfigurationList = 4563F1D81B4BFC0B004709EA /* Build configuration list for PBXNativeTarget "Basalt" */;
			buildPhases = (
				4517F3341B4C02300078F1A0 /* ShellScript */,
			);
			buildRules = (
			);
			dependencies = (
			);
			name = Basalt;
			productName = App;
			productReference = 4517F3641B4C0A060078F1A0 /* Basalt */;
			productType = "com.apple.product-type.tool";
		};
		45EC75511B4C0FFA00524DDA /* HiddenTarget */ = {
			isa = PBXNativeTarget;
			buildConfigurationList = 45EC75561B4C0FFA00524DDA /* Build configuration list for PBXNativeTarget "HiddenTarget" */;
			buildPhases = (
				45EC754E1B4C0FFA00524DDA /* Sources */,
				45EC754F1B4C0FFA00524DDA /* Frameworks */,
				45EC75501B4C0FFA00524DDA /* CopyFiles */,
			);
			buildRules = (
			);
			dependencies = (
			);
			name = HiddenTarget;
			productName = HiddenTarget;
			productReference = 45EC75521B4C0FFA00524DDA /* HiddenTarget */;
			productType = "com.apple.product-type.tool";
		};
/* End PBXNativeTarget section */

/* Begin PBXProject section */
		454B0ADC1B4BD21F00417493 /* Project object */ = {
			isa = PBXProject;
			attributes = {
				LastUpgradeCheck = 0640;
				ORGANIZATIONNAME = CocoaBob;
				TargetAttributes = {
					4563F1D11B4BFC0B004709EA = {
						CreatedOnToolsVersion = 6.4;
					};
					45EC75511B4C0FFA00524DDA = {
						CreatedOnToolsVersion = 6.4;
					};
				};
			};
			buildConfigurationList = 454B0ADF1B4BD21F00417493 /* Build configuration list for PBXProject "PebbleTransilien" */;
			compatibilityVersion = "Xcode 3.2";
			developmentRegion = English;
			hasScannedForEncodings = 0;
			knownRegions = (
				en,
			);
			mainGroup = 454B0ADB1B4BD21F00417493;
			productRefGroup = 454B0ADB1B4BD21F00417493;
			projectDirPath = "";
			projectRoot = "";
			targets = (
				4517F3351B4C04DD0078F1A0 /* Aplite */,
				4563F1D11B4BFC0B004709EA /* Basalt */,
				4517F3401B4C04F90078F1A0 /* Device */,
				45EC75511B4C0FFA00524DDA /* HiddenTarget */,
			);
		};
/* End PBXProject section */

/* Begin PBXShellScriptBuildPhase section */
		4517F3341B4C02300078F1A0 /* ShellScript */ = {
			isa = PBXShellScriptBuildPhase;
			buildActionMask = 2147483647;
			files = (
			);
			inputPaths = (
			);
			outputPaths = (
			);
			runOnlyForDeploymentPostprocessing = 0;
			shellPath = /bin/sh;
			shellScript = "PATH=${PATH}:${PEBBLE_SDK_PATH}/bin/\ncd ${SRCROOT}\npebble build\npebble install --emulator basalt";
		};
		4517F3361B4C04DD0078F1A0 /* ShellScript */ = {
			isa = PBXShellScriptBuildPhase;
			buildActionMask = 2147483647;
			files = (
			);
			inputPaths = (
			);
			outputPaths = (
			);
			runOnlyForDeploymentPostprocessing = 0;
			shellPath = /bin/sh;
			shellScript = "PATH=${PATH}:${PEBBLE_SDK_PATH}/bin/\ncd ${SRCROOT}\npebble build\npebble install --emulator aplite";
		};
		4517F3411B4C04F90078F1A0 /* ShellScript */ = {
			isa = PBXShellScriptBuildPhase;
			buildActionMask = 2147483647;
			files = (
			);
			inputPaths = (
			);
			outputPaths = (
			);
			runOnlyForDeploymentPostprocessing = 0;
			shellPath = /bin/sh;
			shellScript = "PATH=${PATH}:${PEBBLE_SDK_PATH}/bin/\ncd ${SRCROOT}\npebble build\npebble install --phone 192.168.2.9";
		};
/* End PBXShellScriptBuildPhase section */

/* Begin PBXSourcesBuildPhase section */
		45EC754E1B4C0FFA00524DDA /* Sources */ = {
			isa = PBXSourcesBuildPhase;
			buildActionMask = 2147483647;
			files = (
				4592A27A1B5BB4DD0070351C /* stations.c in Sources */,
				4592A2821B5BB4DD0070351C /* next_trains_window.c in Sources */,
				4592A27F1B5BB4DD0070351C /* localize.c in Sources */,
				4592A27E1B5BB4DD0070351C /* status_bar.c in Sources */,
				4592A27B1B5BB4DD0070351C /* status.c in Sources */,
				4592A2811B5BB4DD0070351C /* main_menu_window.c in Sources */,
				4592A2801B5BB4DD0070351C /* main.c in Sources */,
				4592A2791B5BB4DD0070351C /* favorites.c in Sources */,
				4592A28B1B5BBAD30070351C /* app_message.c in Sources */,
				45B2B6891B5EE93F0065786D /* data_model.c in Sources */,
				4592A27C1B5BB4DD0070351C /* storage.c in Sources */,
				4592A27D1B5BB4DD0070351C /* drawing.c in Sources */,
			);
			runOnlyForDeploymentPostprocessing = 0;
		};
/* End PBXSourcesBuildPhase section */

/* Begin XCBuildConfiguration section */
		4517F33D1B4C04DD0078F1A0 /* Debug */ = {
			isa = XCBuildConfiguration;
			buildSettings = {
				MTL_ENABLE_DEBUG_INFO = YES;
			};
			name = Debug;
		};
		4517F33E1B4C04DD0078F1A0 /* Release */ = {
			isa = XCBuildConfiguration;
			buildSettings = {
				MTL_ENABLE_DEBUG_INFO = NO;
			};
			name = Release;
		};
		4517F3481B4C04F90078F1A0 /* Debug */ = {
			isa = XCBuildConfiguration;
			buildSettings = {
				MTL_ENABLE_DEBUG_INFO = YES;
			};
			name = Debug;
		};
		4517F3491B4C04F90078F1A0 /* Release */ = {
			isa = XCBuildConfiguration;
			buildSettings = {
				MTL_ENABLE_DEBUG_INFO = NO;
			};
			name = Release;
		};
		454B0AE91B4BD21F00417493 /* Debug */ = {
			isa = XCBuildConfiguration;
			buildSettings = {
				HEADER_SEARCH_PATHS = (
					"$(inherited)",
					/Applications/Xcode.app/Contents/Developer/Toolchains/XcodeDefault.xctoolchain/usr/include,
					"$(PEBBLE_SDK_PATH)/Pebble/basalt/include/**",
					"$(PEBBLE_SDK_PATH)/Pebble/aplite/include/**",
				);
				PEBBLE_SDK_PATH = "$(HOME)/pebble-dev/PebbleSDK-3.1";
				PRODUCT_NAME = "$(TARGET_NAME)";
			};
			name = Debug;
		};
		454B0AEA1B4BD21F00417493 /* Release */ = {
			isa = XCBuildConfiguration;
			buildSettings = {
				HEADER_SEARCH_PATHS = (
					"$(inherited)",
					/Applications/Xcode.app/Contents/Developer/Toolchains/XcodeDefault.xctoolchain/usr/include,
					"$(PEBBLE_SDK_PATH)/Pebble/basalt/include/**",
					"$(PEBBLE_SDK_PATH)/Pebble/aplite/include/**",
				);
				PEBBLE_SDK_PATH = "$(HOME)/pebble-dev/PebbleSDK-3.1";
				PRODUCT_NAME = "$(TARGET_NAME)";
			};
			name = Release;
		};
		4563F1D61B4BFC0B004709EA /* Debug */ = {
			isa = XCBuildConfiguration;
			buildSettings = {
				GCC_PREPROCESSOR_DEFINITIONS = PBL_COLOR;
				MTL_ENABLE_DEBUG_INFO = YES;
			};
			name = Debug;
		};
		4563F1D71B4BFC0B004709EA /* Release */ = {
			isa = XCBuildConfiguration;
			buildSettings = {
				GCC_PREPROCESSOR_DEFINITIONS = PBL_COLOR;
				MTL_ENABLE_DEBUG_INFO = NO;
			};
			name = Release;
		};
		45EC75571B4C0FFA00524DDA /* Debug */ = {
			isa = XCBuildConfiguration;
			buildSettings = {
				ALWAYS_SEARCH_USER_PATHS = NO;
				CLANG_CXX_LANGUAGE_STANDARD = "gnu++0x";
				CLANG_CXX_LIBRARY = "libc++";
				CLANG_ENABLE_MODULES = YES;
				CLANG_ENABLE_OBJC_ARC = YES;
				CLANG_WARN_BOOL_CONVERSION = YES;
				CLANG_WARN_CONSTANT_CONVERSION = YES;
				CLANG_WARN_DIRECT_OBJC_ISA_USAGE = YES_ERROR;
				CLANG_WARN_EMPTY_BODY = YES;
				CLANG_WARN_ENUM_CONVERSION = YES;
				CLANG_WARN_INT_CONVERSION = YES;
				CLANG_WARN_OBJC_ROOT_CLASS = YES_ERROR;
				CLANG_WARN_UNREACHABLE_CODE = YES;
				CLANG_WARN__DUPLICATE_METHOD_MATCH = YES;
				COPY_PHASE_STRIP = NO;
				DEBUG_INFORMATION_FORMAT = dwarf;
				ENABLE_STRICT_OBJC_MSGSEND = YES;
				GCC_C_LANGUAGE_STANDARD = gnu99;
				GCC_DYNAMIC_NO_PIC = NO;
				GCC_NO_COMMON_BLOCKS = YES;
				GCC_OPTIMIZATION_LEVEL = 0;
				GCC_PREPROCESSOR_DEFINITIONS = PBL_COLOR;
				GCC_SYMBOLS_PRIVATE_EXTERN = NO;
				GCC_WARN_64_TO_32_BIT_CONVERSION = YES;
				GCC_WARN_ABOUT_RETURN_TYPE = YES_ERROR;
				GCC_WARN_UNDECLARED_SELECTOR = YES;
				GCC_WARN_UNINITIALIZED_AUTOS = YES_AGGRESSIVE;
				GCC_WARN_UNUSED_FUNCTION = YES;
				GCC_WARN_UNUSED_VARIABLE = YES;
				MACOSX_DEPLOYMENT_TARGET = 10.10;
				MTL_ENABLE_DEBUG_INFO = YES;
				ONLY_ACTIVE_ARCH = YES;
				PRODUCT_NAME = "$(TARGET_NAME)";
				SDKROOT = macosx;
			};
			name = Debug;
		};
		45EC75581B4C0FFA00524DDA /* Release */ = {
			isa = XCBuildConfiguration;
			buildSettings = {
				ALWAYS_SEARCH_USER_PATHS = NO;
				CLANG_CXX_LANGUAGE_STANDARD = "gnu++0x";
				CLANG_CXX_LIBRARY = "libc++";
				CLANG_ENABLE_MODULES = YES;
				CLANG_ENABLE_OBJC_ARC = YES;
				CLANG_WARN_BOOL_CONVERSION = YES;
				CLANG_WARN_CONSTANT_CONVERSION = YES;
				CLANG_WARN_DIRECT_OBJC_ISA_USAGE = YES_ERROR;
				CLANG_WARN_EMPTY_BODY = YES;
				CLANG_WARN_ENUM_CONVERSION = YES;
				CLANG_WARN_INT_CONVERSION = YES;
				CLANG_WARN_OBJC_ROOT_CLASS = YES_ERROR;
				CLANG_WARN_UNREACHABLE_CODE = YES;
				CLANG_WARN__DUPLICATE_METHOD_MATCH = YES;
				COPY_PHASE_STRIP = NO;
				DEBUG_INFORMATION_FORMAT = "dwarf-with-dsym";
				ENABLE_NS_ASSERTIONS = NO;
				ENABLE_STRICT_OBJC_MSGSEND = YES;
				GCC_C_LANGUAGE_STANDARD = gnu99;
				GCC_NO_COMMON_BLOCKS = YES;
				GCC_PREPROCESSOR_DEFINITIONS = PBL_COLOR;
				GCC_WARN_64_TO_32_BIT_CONVERSION = YES;
				GCC_WARN_ABOUT_RETURN_TYPE = YES_ERROR;
				GCC_WARN_UNDECLARED_SELECTOR = YES;
				GCC_WARN_UNINITIALIZED_AUTOS = YES_AGGRESSIVE;
				GCC_WARN_UNUSED_FUNCTION = YES;
				GCC_WARN_UNUSED_VARIABLE = YES;
				MACOSX_DEPLOYMENT_TARGET = 10.10;
				MTL_ENABLE_DEBUG_INFO = NO;
				PRODUCT_NAME = "$(TARGET_NAME)";
				SDKROOT = macosx;
			};
			name = Release;
		};
/* End XCBuildConfiguration section */

/* Begin XCConfigurationList section */
		4517F33C1B4C04DD0078F1A0 /* Build configuration list for PBXNativeTarget "Aplite" */ = {
			isa = XCConfigurationList;
			buildConfigurations = (
				4517F33D1B4C04DD0078F1A0 /* Debug */,
				4517F33E1B4C04DD0078F1A0 /* Release */,
			);
			defaultConfigurationIsVisible = 0;
			defaultConfigurationName = Release;
		};
		4517F3471B4C04F90078F1A0 /* Build configuration list for PBXNativeTarget "Device" */ = {
			isa = XCConfigurationList;
			buildConfigurations = (
				4517F3481B4C04F90078F1A0 /* Debug */,
				4517F3491B4C04F90078F1A0 /* Release */,
			);
			defaultConfigurationIsVisible = 0;
			defaultConfigurationName = Release;
		};
		454B0ADF1B4BD21F00417493 /* Build configuration list for PBXProject "PebbleTransilien" */ = {
			isa = XCConfigurationList;
			buildConfigurations = (
				454B0AE91B4BD21F00417493 /* Debug */,
				454B0AEA1B4BD21F00417493 /* Release */,
			);
			defaultConfigurationIsVisible = 0;
			defaultConfigurationName = Release;
		};
		4563F1D81B4BFC0B004709EA /* Build configuration list for PBXNativeTarget "Basalt" */ = {
			isa = XCConfigurationList;
			buildConfigurations = (
				4563F1D61B4BFC0B004709EA /* Debug */,
				4563F1D71B4BFC0B004709EA /* Release */,
			);
			defaultConfigurationIsVisible = 0;
			defaultConfigurationName = Release;
		};
		45EC75561B4C0FFA00524DDA /* Build configuration list for PBXNativeTarget "HiddenTarget" */ = {
			isa = XCConfigurationList;
			buildConfigurations = (
				45EC75571B4C0FFA00524DDA /* Debug */,
				45EC75581B4C0FFA00524DDA /* Release */,
			);
			defaultConfigurationIsVisible = 0;
			defaultConfigurationName = Release;
		};
/* End XCConfigurationList section */
	};
	rootObject = 454B0ADC1B4BD21F00417493 /* Project object */;
}
